
Microsoft Visual Studio Solution File, Format Version 12.00
# Visual Studio Version 16
VisualStudioVersion = 16.0.28803.202
MinimumVisualStudioVersion = 15.0.26124.0
Project("{9A19103F-16F7-4668-BE54-9A1E7A4F7556}") = "SoftinuxBase.Infrastructure", "src\SoftinuxBase.Infrastructure\SoftinuxBase.Infrastructure.csproj", "{C2AE1CC4-1171-4C29-AA5B-88A540A109B6}"
EndProject
Project("{9A19103F-16F7-4668-BE54-9A1E7A4F7556}") = "SoftinuxBase.Barebone", "src\SoftinuxBase.Barebone\SoftinuxBase.Barebone.csproj", "{154A466B-690A-4B4A-BD09-D933FFE6C158}"
EndProject
Project("{9A19103F-16F7-4668-BE54-9A1E7A4F7556}") = "SoftinuxBase.Security", "src\SoftinuxBase.Security\SoftinuxBase.Security.csproj", "{53F9E0E6-F63A-4086-8F5D-C600D36E31B9}"
EndProject
Project("{9A19103F-16F7-4668-BE54-9A1E7A4F7556}") = "SoftinuxBase.Security.Data.Abstractions", "src\SoftinuxBase.Security.Data.Abstractions\SoftinuxBase.Security.Data.Abstractions.csproj", "{6FDAFAFF-5C10-41E6-B13E-3434FE4F9D59}"
EndProject
Project("{9A19103F-16F7-4668-BE54-9A1E7A4F7556}") = "SoftinuxBase.Security.Data.Entities", "src\SoftinuxBase.Security.Data.Entities\SoftinuxBase.Security.Data.Entities.csproj", "{B2E725AA-C134-40F0-8DF6-6928DA5C2F66}"
EndProject
Project("{9A19103F-16F7-4668-BE54-9A1E7A4F7556}") = "SoftinuxBase.Security.Data.EntityFramework.Sqlite", "src\SoftinuxBase.Security.Data.EntityFramework.Sqlite\SoftinuxBase.Security.Data.EntityFramework.Sqlite.csproj", "{7805C09C-277C-4A5F-AC7A-AF34FE898939}"
EndProject
Project("{9A19103F-16F7-4668-BE54-9A1E7A4F7556}") = "SoftinuxBase.Security.Data.EntityFramework", "src\SoftinuxBase.Security.Data.EntityFramework\SoftinuxBase.Security.Data.EntityFramework.csproj", "{820BEABD-13B9-427B-AF57-611DFD595969}"
EndProject
Project("{9A19103F-16F7-4668-BE54-9A1E7A4F7556}") = "SoftinuxBase.SeedDatabase", "src\SoftinuxBase.SeedDatabase\SoftinuxBase.SeedDatabase.csproj", "{2B0CE783-D89A-452A-A210-E54032512DF9}"
EndProject
Project("{9A19103F-16F7-4668-BE54-9A1E7A4F7556}") = "Globalisation", "src\Globalisation\Globalisation.csproj", "{A6EC4E82-29DC-483A-BB74-5B355C6530CD}"
EndProject
Project("{9A19103F-16F7-4668-BE54-9A1E7A4F7556}") = "SoftinuxBase.Security.Common", "src\SoftinuxBase.Security.Common\SoftinuxBase.Security.Common.csproj", "{B5EA485E-D829-458F-AA4F-7E2004A11E24}"
EndProject
Project("{9A19103F-16F7-4668-BE54-9A1E7A4F7556}") = "SecurityTest", "src\Testing\Unit\SecurityTest\SecurityTest.csproj", "{D19F634A-15EB-40D7-A0F5-0F57B66F8912}"
EndProject
Project("{9A19103F-16F7-4668-BE54-9A1E7A4F7556}") = "CommonTest", "src\Testing\Unit\CommonTest\CommonTest.csproj", "{773A88D6-15BC-4FB9-AA04-928FF96A21FF}"
EndProject
Project("{9A19103F-16F7-4668-BE54-9A1E7A4F7556}") = "SoftinuxBase.Data.Sqlite", "src\SoftinuxBase.Data.Sqlite\SoftinuxBase.Data.Sqlite.csproj", "{0CE852C3-8D5E-478B-A407-4E43D6C59E7E}"
EndProject
Project("{9A19103F-16F7-4668-BE54-9A1E7A4F7556}") = "SoftinuxBase.WebApplication", "src\SoftinuxBase.WebApplication\SoftinuxBase.WebApplication.csproj", "{14B6D29E-11CA-4499-9213-6A1A4554D855}"
EndProject
Project("{9A19103F-16F7-4668-BE54-9A1E7A4F7556}") = "WebApplication", "src\WebApplication\WebApplication.csproj", "{C468EFDF-A870-475E-BFEB-A82F8DC6FC68}"
EndProject
Project("{9A19103F-16F7-4668-BE54-9A1E7A4F7556}") = "SoftinuxBase.Security.Data.EntityFramework.Mssql", "src\SoftinuxBase.Security.Data.EntityFramework.Mssql\SoftinuxBase.Security.Data.EntityFramework.Mssql.csproj", "{7DC386E9-0AD3-4DBF-ACC6-294FFD5E4EE8}"
EndProject
Project("{9A19103F-16F7-4668-BE54-9A1E7A4F7556}") = "SoftinuxBase.Security.Data.EntityFramework.Mysql", "src\SoftinuxBase.Security.Data.EntityFramework.Mysql\SoftinuxBase.Security.Data.EntityFramework.Mysql.csproj", "{CDF8434F-06EB-40BE-BA7D-C8C8F91C4954}"
EndProject
Project("{9A19103F-16F7-4668-BE54-9A1E7A4F7556}") = "SoftinuxBase.Security.Data.EntityFramework.Npgsql", "src\SoftinuxBase.Security.Data.EntityFramework.Npgsql\SoftinuxBase.Security.Data.EntityFramework.Npgsql.csproj", "{FBEA202C-3C30-4EDB-9F7E-36495672AD9E}"
EndProject
Project("{2150E333-8FDC-42A3-9474-1A3956D46DE8}") = "Modules", "Modules", "{6A91B350-38DC-49F6-A030-797FD98BDF74}"
EndProject
Project("{2150E333-8FDC-42A3-9474-1A3956D46DE8}") = "base", "base", "{DCB0C627-988F-4F1F-BB57-8CE5DE4C71DA}"
EndProject
Project("{9A19103F-16F7-4668-BE54-9A1E7A4F7556}") = "EduxSoft.Base.Data.Entities", "EduxSoft.Base.Data.Entities\EduxSoft.Base.Data.Entities.csproj", "{67BE604F-E467-40D2-A783-4427B99EF8AE}"
EndProject
Project("{9A19103F-16F7-4668-BE54-9A1E7A4F7556}") = "EduxSoft.Base.Data.Abstractions", "EduxSoft.Base.Data.Abstractions\EduxSoft.Base.Data.Abstractions.csproj", "{B7CFDB85-AECE-45FF-B26A-B844E9E9A354}"
EndProject
Project("{9A19103F-16F7-4668-BE54-9A1E7A4F7556}") = "EduxSoft.Base.Data.EntityFrameworkCore", "EduxSoft.Base.Data.EntityFrameworkCore\EduxSoft.Base.Data.EntityFrameworkCore.csproj", "{E4595740-CA8E-4E03-B673-3DE3DED4BAF4}"
EndProject
Project("{9A19103F-16F7-4668-BE54-9A1E7A4F7556}") = "EduxSoft.Base", "EduxSoft.Base\EduxSoft.Base.csproj", "{DC3CFDE0-AF0D-451A-B8E5-E0FF3763D392}"
EndProject
Project("{2150E333-8FDC-42A3-9474-1A3956D46DE8}") = "Student", "Student", "{4F293D22-41E2-40DF-B0D3-01C752502046}"
EndProject
Project("{9A19103F-16F7-4668-BE54-9A1E7A4F7556}") = "EduxSoft.Student.Data.Entities", "src\EduxSoft.Student.Data.Entities\EduxSoft.Student.Data.Entities.csproj", "{0EE2717E-B149-4AA9-973B-A36CA3F39ED4}"
EndProject
Project("{FAE04EC0-301F-11D3-BF4B-00C04F79EFBC}") = "EduxSoft.Student.Data.Abstractions", "src\EduxSoft.Student.Data.Abstractions\EduxSoft.Student.Data.Abstractions.csproj", "{3F75EE84-CD2F-4AE6-9FF4-879672A2BEF5}"
EndProject
Project("{FAE04EC0-301F-11D3-BF4B-00C04F79EFBC}") = "EduxSoft.Student.Data.EF", "src\EduxSoft.Student.Data.EF\EduxSoft.Student.Data.EF.csproj", "{EE0E6B09-813A-483C-83EB-CD4C06A9F659}"
EndProject
Project("{FAE04EC0-301F-11D3-BF4B-00C04F79EFBC}") = "EduxSoft.Student", "src\EduxSoft.Student\EduxSoft.Student.csproj", "{8EF7192C-213F-4235-AA4F-BDDD4B0B7A56}"
EndProject
Global
	GlobalSection(SolutionConfigurationPlatforms) = preSolution
		Debug|Any CPU = Debug|Any CPU
		Debug|x64 = Debug|x64
		Debug|x86 = Debug|x86
		Release|Any CPU = Release|Any CPU
		Release|x64 = Release|x64
		Release|x86 = Release|x86
	EndGlobalSection
	GlobalSection(ProjectConfigurationPlatforms) = postSolution
		{C2AE1CC4-1171-4C29-AA5B-88A540A109B6}.Debug|Any CPU.ActiveCfg = Debug|Any CPU
		{C2AE1CC4-1171-4C29-AA5B-88A540A109B6}.Debug|Any CPU.Build.0 = Debug|Any CPU
		{C2AE1CC4-1171-4C29-AA5B-88A540A109B6}.Debug|x64.ActiveCfg = Debug|Any CPU
		{C2AE1CC4-1171-4C29-AA5B-88A540A109B6}.Debug|x64.Build.0 = Debug|Any CPU
		{C2AE1CC4-1171-4C29-AA5B-88A540A109B6}.Debug|x86.ActiveCfg = Debug|Any CPU
		{C2AE1CC4-1171-4C29-AA5B-88A540A109B6}.Debug|x86.Build.0 = Debug|Any CPU
		{C2AE1CC4-1171-4C29-AA5B-88A540A109B6}.Release|Any CPU.ActiveCfg = Release|Any CPU
		{C2AE1CC4-1171-4C29-AA5B-88A540A109B6}.Release|Any CPU.Build.0 = Release|Any CPU
		{C2AE1CC4-1171-4C29-AA5B-88A540A109B6}.Release|x64.ActiveCfg = Release|Any CPU
		{C2AE1CC4-1171-4C29-AA5B-88A540A109B6}.Release|x64.Build.0 = Release|Any CPU
		{C2AE1CC4-1171-4C29-AA5B-88A540A109B6}.Release|x86.ActiveCfg = Release|Any CPU
		{C2AE1CC4-1171-4C29-AA5B-88A540A109B6}.Release|x86.Build.0 = Release|Any CPU
		{154A466B-690A-4B4A-BD09-D933FFE6C158}.Debug|Any CPU.ActiveCfg = Debug|Any CPU
		{154A466B-690A-4B4A-BD09-D933FFE6C158}.Debug|Any CPU.Build.0 = Debug|Any CPU
		{154A466B-690A-4B4A-BD09-D933FFE6C158}.Debug|x64.ActiveCfg = Debug|Any CPU
		{154A466B-690A-4B4A-BD09-D933FFE6C158}.Debug|x64.Build.0 = Debug|Any CPU
		{154A466B-690A-4B4A-BD09-D933FFE6C158}.Debug|x86.ActiveCfg = Debug|Any CPU
		{154A466B-690A-4B4A-BD09-D933FFE6C158}.Debug|x86.Build.0 = Debug|Any CPU
		{154A466B-690A-4B4A-BD09-D933FFE6C158}.Release|Any CPU.ActiveCfg = Release|Any CPU
		{154A466B-690A-4B4A-BD09-D933FFE6C158}.Release|Any CPU.Build.0 = Release|Any CPU
		{154A466B-690A-4B4A-BD09-D933FFE6C158}.Release|x64.ActiveCfg = Release|Any CPU
		{154A466B-690A-4B4A-BD09-D933FFE6C158}.Release|x64.Build.0 = Release|Any CPU
		{154A466B-690A-4B4A-BD09-D933FFE6C158}.Release|x86.ActiveCfg = Release|Any CPU
		{154A466B-690A-4B4A-BD09-D933FFE6C158}.Release|x86.Build.0 = Release|Any CPU
		{53F9E0E6-F63A-4086-8F5D-C600D36E31B9}.Debug|Any CPU.ActiveCfg = Debug|Any CPU
		{53F9E0E6-F63A-4086-8F5D-C600D36E31B9}.Debug|Any CPU.Build.0 = Debug|Any CPU
		{53F9E0E6-F63A-4086-8F5D-C600D36E31B9}.Debug|x64.ActiveCfg = Debug|Any CPU
		{53F9E0E6-F63A-4086-8F5D-C600D36E31B9}.Debug|x64.Build.0 = Debug|Any CPU
		{53F9E0E6-F63A-4086-8F5D-C600D36E31B9}.Debug|x86.ActiveCfg = Debug|Any CPU
		{53F9E0E6-F63A-4086-8F5D-C600D36E31B9}.Debug|x86.Build.0 = Debug|Any CPU
		{53F9E0E6-F63A-4086-8F5D-C600D36E31B9}.Release|Any CPU.ActiveCfg = Release|Any CPU
		{53F9E0E6-F63A-4086-8F5D-C600D36E31B9}.Release|Any CPU.Build.0 = Release|Any CPU
		{53F9E0E6-F63A-4086-8F5D-C600D36E31B9}.Release|x64.ActiveCfg = Release|Any CPU
		{53F9E0E6-F63A-4086-8F5D-C600D36E31B9}.Release|x64.Build.0 = Release|Any CPU
		{53F9E0E6-F63A-4086-8F5D-C600D36E31B9}.Release|x86.ActiveCfg = Release|Any CPU
		{53F9E0E6-F63A-4086-8F5D-C600D36E31B9}.Release|x86.Build.0 = Release|Any CPU
		{6FDAFAFF-5C10-41E6-B13E-3434FE4F9D59}.Debug|Any CPU.ActiveCfg = Debug|Any CPU
		{6FDAFAFF-5C10-41E6-B13E-3434FE4F9D59}.Debug|Any CPU.Build.0 = Debug|Any CPU
		{6FDAFAFF-5C10-41E6-B13E-3434FE4F9D59}.Debug|x64.ActiveCfg = Debug|Any CPU
		{6FDAFAFF-5C10-41E6-B13E-3434FE4F9D59}.Debug|x64.Build.0 = Debug|Any CPU
		{6FDAFAFF-5C10-41E6-B13E-3434FE4F9D59}.Debug|x86.ActiveCfg = Debug|Any CPU
		{6FDAFAFF-5C10-41E6-B13E-3434FE4F9D59}.Debug|x86.Build.0 = Debug|Any CPU
		{6FDAFAFF-5C10-41E6-B13E-3434FE4F9D59}.Release|Any CPU.ActiveCfg = Release|Any CPU
		{6FDAFAFF-5C10-41E6-B13E-3434FE4F9D59}.Release|Any CPU.Build.0 = Release|Any CPU
		{6FDAFAFF-5C10-41E6-B13E-3434FE4F9D59}.Release|x64.ActiveCfg = Release|Any CPU
		{6FDAFAFF-5C10-41E6-B13E-3434FE4F9D59}.Release|x64.Build.0 = Release|Any CPU
		{6FDAFAFF-5C10-41E6-B13E-3434FE4F9D59}.Release|x86.ActiveCfg = Release|Any CPU
		{6FDAFAFF-5C10-41E6-B13E-3434FE4F9D59}.Release|x86.Build.0 = Release|Any CPU
		{B2E725AA-C134-40F0-8DF6-6928DA5C2F66}.Debug|Any CPU.ActiveCfg = Debug|Any CPU
		{B2E725AA-C134-40F0-8DF6-6928DA5C2F66}.Debug|Any CPU.Build.0 = Debug|Any CPU
		{B2E725AA-C134-40F0-8DF6-6928DA5C2F66}.Debug|x64.ActiveCfg = Debug|Any CPU
		{B2E725AA-C134-40F0-8DF6-6928DA5C2F66}.Debug|x64.Build.0 = Debug|Any CPU
		{B2E725AA-C134-40F0-8DF6-6928DA5C2F66}.Debug|x86.ActiveCfg = Debug|Any CPU
		{B2E725AA-C134-40F0-8DF6-6928DA5C2F66}.Debug|x86.Build.0 = Debug|Any CPU
		{B2E725AA-C134-40F0-8DF6-6928DA5C2F66}.Release|Any CPU.ActiveCfg = Release|Any CPU
		{B2E725AA-C134-40F0-8DF6-6928DA5C2F66}.Release|Any CPU.Build.0 = Release|Any CPU
		{B2E725AA-C134-40F0-8DF6-6928DA5C2F66}.Release|x64.ActiveCfg = Release|Any CPU
		{B2E725AA-C134-40F0-8DF6-6928DA5C2F66}.Release|x64.Build.0 = Release|Any CPU
		{B2E725AA-C134-40F0-8DF6-6928DA5C2F66}.Release|x86.ActiveCfg = Release|Any CPU
		{B2E725AA-C134-40F0-8DF6-6928DA5C2F66}.Release|x86.Build.0 = Release|Any CPU
		{7805C09C-277C-4A5F-AC7A-AF34FE898939}.Debug|Any CPU.ActiveCfg = Debug|Any CPU
		{7805C09C-277C-4A5F-AC7A-AF34FE898939}.Debug|Any CPU.Build.0 = Debug|Any CPU
		{7805C09C-277C-4A5F-AC7A-AF34FE898939}.Debug|x64.ActiveCfg = Debug|Any CPU
		{7805C09C-277C-4A5F-AC7A-AF34FE898939}.Debug|x64.Build.0 = Debug|Any CPU
		{7805C09C-277C-4A5F-AC7A-AF34FE898939}.Debug|x86.ActiveCfg = Debug|Any CPU
		{7805C09C-277C-4A5F-AC7A-AF34FE898939}.Debug|x86.Build.0 = Debug|Any CPU
		{7805C09C-277C-4A5F-AC7A-AF34FE898939}.Release|Any CPU.ActiveCfg = Release|Any CPU
		{7805C09C-277C-4A5F-AC7A-AF34FE898939}.Release|Any CPU.Build.0 = Release|Any CPU
		{7805C09C-277C-4A5F-AC7A-AF34FE898939}.Release|x64.ActiveCfg = Release|Any CPU
		{7805C09C-277C-4A5F-AC7A-AF34FE898939}.Release|x64.Build.0 = Release|Any CPU
		{7805C09C-277C-4A5F-AC7A-AF34FE898939}.Release|x86.ActiveCfg = Release|Any CPU
		{7805C09C-277C-4A5F-AC7A-AF34FE898939}.Release|x86.Build.0 = Release|Any CPU
		{820BEABD-13B9-427B-AF57-611DFD595969}.Debug|Any CPU.ActiveCfg = Debug|Any CPU
		{820BEABD-13B9-427B-AF57-611DFD595969}.Debug|Any CPU.Build.0 = Debug|Any CPU
		{820BEABD-13B9-427B-AF57-611DFD595969}.Debug|x64.ActiveCfg = Debug|Any CPU
		{820BEABD-13B9-427B-AF57-611DFD595969}.Debug|x64.Build.0 = Debug|Any CPU
		{820BEABD-13B9-427B-AF57-611DFD595969}.Debug|x86.ActiveCfg = Debug|Any CPU
		{820BEABD-13B9-427B-AF57-611DFD595969}.Debug|x86.Build.0 = Debug|Any CPU
		{820BEABD-13B9-427B-AF57-611DFD595969}.Release|Any CPU.ActiveCfg = Release|Any CPU
		{820BEABD-13B9-427B-AF57-611DFD595969}.Release|Any CPU.Build.0 = Release|Any CPU
		{820BEABD-13B9-427B-AF57-611DFD595969}.Release|x64.ActiveCfg = Release|Any CPU
		{820BEABD-13B9-427B-AF57-611DFD595969}.Release|x64.Build.0 = Release|Any CPU
		{820BEABD-13B9-427B-AF57-611DFD595969}.Release|x86.ActiveCfg = Release|Any CPU
		{820BEABD-13B9-427B-AF57-611DFD595969}.Release|x86.Build.0 = Release|Any CPU
		{2B0CE783-D89A-452A-A210-E54032512DF9}.Debug|Any CPU.ActiveCfg = Debug|Any CPU
		{2B0CE783-D89A-452A-A210-E54032512DF9}.Debug|Any CPU.Build.0 = Debug|Any CPU
		{2B0CE783-D89A-452A-A210-E54032512DF9}.Debug|x64.ActiveCfg = Debug|Any CPU
		{2B0CE783-D89A-452A-A210-E54032512DF9}.Debug|x64.Build.0 = Debug|Any CPU
		{2B0CE783-D89A-452A-A210-E54032512DF9}.Debug|x86.ActiveCfg = Debug|Any CPU
		{2B0CE783-D89A-452A-A210-E54032512DF9}.Debug|x86.Build.0 = Debug|Any CPU
		{2B0CE783-D89A-452A-A210-E54032512DF9}.Release|Any CPU.ActiveCfg = Release|Any CPU
		{2B0CE783-D89A-452A-A210-E54032512DF9}.Release|Any CPU.Build.0 = Release|Any CPU
		{2B0CE783-D89A-452A-A210-E54032512DF9}.Release|x64.ActiveCfg = Release|Any CPU
		{2B0CE783-D89A-452A-A210-E54032512DF9}.Release|x64.Build.0 = Release|Any CPU
		{2B0CE783-D89A-452A-A210-E54032512DF9}.Release|x86.ActiveCfg = Release|Any CPU
		{2B0CE783-D89A-452A-A210-E54032512DF9}.Release|x86.Build.0 = Release|Any CPU
		{A6EC4E82-29DC-483A-BB74-5B355C6530CD}.Debug|Any CPU.ActiveCfg = Debug|Any CPU
		{A6EC4E82-29DC-483A-BB74-5B355C6530CD}.Debug|Any CPU.Build.0 = Debug|Any CPU
		{A6EC4E82-29DC-483A-BB74-5B355C6530CD}.Debug|x64.ActiveCfg = Debug|Any CPU
		{A6EC4E82-29DC-483A-BB74-5B355C6530CD}.Debug|x64.Build.0 = Debug|Any CPU
		{A6EC4E82-29DC-483A-BB74-5B355C6530CD}.Debug|x86.ActiveCfg = Debug|Any CPU
		{A6EC4E82-29DC-483A-BB74-5B355C6530CD}.Debug|x86.Build.0 = Debug|Any CPU
		{A6EC4E82-29DC-483A-BB74-5B355C6530CD}.Release|Any CPU.ActiveCfg = Release|Any CPU
		{A6EC4E82-29DC-483A-BB74-5B355C6530CD}.Release|Any CPU.Build.0 = Release|Any CPU
		{A6EC4E82-29DC-483A-BB74-5B355C6530CD}.Release|x64.ActiveCfg = Release|Any CPU
		{A6EC4E82-29DC-483A-BB74-5B355C6530CD}.Release|x64.Build.0 = Release|Any CPU
		{A6EC4E82-29DC-483A-BB74-5B355C6530CD}.Release|x86.ActiveCfg = Release|Any CPU
		{A6EC4E82-29DC-483A-BB74-5B355C6530CD}.Release|x86.Build.0 = Release|Any CPU
		{B5EA485E-D829-458F-AA4F-7E2004A11E24}.Debug|Any CPU.ActiveCfg = Debug|Any CPU
		{B5EA485E-D829-458F-AA4F-7E2004A11E24}.Debug|Any CPU.Build.0 = Debug|Any CPU
		{B5EA485E-D829-458F-AA4F-7E2004A11E24}.Debug|x64.ActiveCfg = Debug|Any CPU
		{B5EA485E-D829-458F-AA4F-7E2004A11E24}.Debug|x64.Build.0 = Debug|Any CPU
		{B5EA485E-D829-458F-AA4F-7E2004A11E24}.Debug|x86.ActiveCfg = Debug|Any CPU
		{B5EA485E-D829-458F-AA4F-7E2004A11E24}.Debug|x86.Build.0 = Debug|Any CPU
		{B5EA485E-D829-458F-AA4F-7E2004A11E24}.Release|Any CPU.ActiveCfg = Release|Any CPU
		{B5EA485E-D829-458F-AA4F-7E2004A11E24}.Release|Any CPU.Build.0 = Release|Any CPU
		{B5EA485E-D829-458F-AA4F-7E2004A11E24}.Release|x64.ActiveCfg = Release|Any CPU
		{B5EA485E-D829-458F-AA4F-7E2004A11E24}.Release|x64.Build.0 = Release|Any CPU
		{B5EA485E-D829-458F-AA4F-7E2004A11E24}.Release|x86.ActiveCfg = Release|Any CPU
		{B5EA485E-D829-458F-AA4F-7E2004A11E24}.Release|x86.Build.0 = Release|Any CPU
		{D19F634A-15EB-40D7-A0F5-0F57B66F8912}.Debug|Any CPU.ActiveCfg = Debug|Any CPU
		{D19F634A-15EB-40D7-A0F5-0F57B66F8912}.Debug|Any CPU.Build.0 = Debug|Any CPU
		{D19F634A-15EB-40D7-A0F5-0F57B66F8912}.Debug|x64.ActiveCfg = Debug|Any CPU
		{D19F634A-15EB-40D7-A0F5-0F57B66F8912}.Debug|x64.Build.0 = Debug|Any CPU
		{D19F634A-15EB-40D7-A0F5-0F57B66F8912}.Debug|x86.ActiveCfg = Debug|Any CPU
		{D19F634A-15EB-40D7-A0F5-0F57B66F8912}.Debug|x86.Build.0 = Debug|Any CPU
		{D19F634A-15EB-40D7-A0F5-0F57B66F8912}.Release|Any CPU.ActiveCfg = Release|Any CPU
		{D19F634A-15EB-40D7-A0F5-0F57B66F8912}.Release|Any CPU.Build.0 = Release|Any CPU
		{D19F634A-15EB-40D7-A0F5-0F57B66F8912}.Release|x64.ActiveCfg = Release|Any CPU
		{D19F634A-15EB-40D7-A0F5-0F57B66F8912}.Release|x64.Build.0 = Release|Any CPU
		{D19F634A-15EB-40D7-A0F5-0F57B66F8912}.Release|x86.ActiveCfg = Release|Any CPU
		{D19F634A-15EB-40D7-A0F5-0F57B66F8912}.Release|x86.Build.0 = Release|Any CPU
		{773A88D6-15BC-4FB9-AA04-928FF96A21FF}.Debug|Any CPU.ActiveCfg = Debug|Any CPU
		{773A88D6-15BC-4FB9-AA04-928FF96A21FF}.Debug|Any CPU.Build.0 = Debug|Any CPU
		{773A88D6-15BC-4FB9-AA04-928FF96A21FF}.Debug|x64.ActiveCfg = Debug|Any CPU
		{773A88D6-15BC-4FB9-AA04-928FF96A21FF}.Debug|x64.Build.0 = Debug|Any CPU
		{773A88D6-15BC-4FB9-AA04-928FF96A21FF}.Debug|x86.ActiveCfg = Debug|Any CPU
		{773A88D6-15BC-4FB9-AA04-928FF96A21FF}.Debug|x86.Build.0 = Debug|Any CPU
		{773A88D6-15BC-4FB9-AA04-928FF96A21FF}.Release|Any CPU.ActiveCfg = Release|Any CPU
		{773A88D6-15BC-4FB9-AA04-928FF96A21FF}.Release|Any CPU.Build.0 = Release|Any CPU
		{773A88D6-15BC-4FB9-AA04-928FF96A21FF}.Release|x64.ActiveCfg = Release|Any CPU
		{773A88D6-15BC-4FB9-AA04-928FF96A21FF}.Release|x64.Build.0 = Release|Any CPU
		{773A88D6-15BC-4FB9-AA04-928FF96A21FF}.Release|x86.ActiveCfg = Release|Any CPU
		{773A88D6-15BC-4FB9-AA04-928FF96A21FF}.Release|x86.Build.0 = Release|Any CPU
		{0CE852C3-8D5E-478B-A407-4E43D6C59E7E}.Debug|Any CPU.ActiveCfg = Debug|Any CPU
		{0CE852C3-8D5E-478B-A407-4E43D6C59E7E}.Debug|Any CPU.Build.0 = Debug|Any CPU
		{0CE852C3-8D5E-478B-A407-4E43D6C59E7E}.Debug|x64.ActiveCfg = Debug|Any CPU
		{0CE852C3-8D5E-478B-A407-4E43D6C59E7E}.Debug|x64.Build.0 = Debug|Any CPU
		{0CE852C3-8D5E-478B-A407-4E43D6C59E7E}.Debug|x86.ActiveCfg = Debug|Any CPU
		{0CE852C3-8D5E-478B-A407-4E43D6C59E7E}.Debug|x86.Build.0 = Debug|Any CPU
		{0CE852C3-8D5E-478B-A407-4E43D6C59E7E}.Release|Any CPU.ActiveCfg = Release|Any CPU
		{0CE852C3-8D5E-478B-A407-4E43D6C59E7E}.Release|Any CPU.Build.0 = Release|Any CPU
		{0CE852C3-8D5E-478B-A407-4E43D6C59E7E}.Release|x64.ActiveCfg = Release|Any CPU
		{0CE852C3-8D5E-478B-A407-4E43D6C59E7E}.Release|x64.Build.0 = Release|Any CPU
		{0CE852C3-8D5E-478B-A407-4E43D6C59E7E}.Release|x86.ActiveCfg = Release|Any CPU
		{0CE852C3-8D5E-478B-A407-4E43D6C59E7E}.Release|x86.Build.0 = Release|Any CPU
		{14B6D29E-11CA-4499-9213-6A1A4554D855}.Debug|Any CPU.ActiveCfg = Debug|Any CPU
		{14B6D29E-11CA-4499-9213-6A1A4554D855}.Debug|Any CPU.Build.0 = Debug|Any CPU
		{14B6D29E-11CA-4499-9213-6A1A4554D855}.Debug|x64.ActiveCfg = Debug|Any CPU
		{14B6D29E-11CA-4499-9213-6A1A4554D855}.Debug|x64.Build.0 = Debug|Any CPU
		{14B6D29E-11CA-4499-9213-6A1A4554D855}.Debug|x86.ActiveCfg = Debug|Any CPU
		{14B6D29E-11CA-4499-9213-6A1A4554D855}.Debug|x86.Build.0 = Debug|Any CPU
		{14B6D29E-11CA-4499-9213-6A1A4554D855}.Release|Any CPU.ActiveCfg = Release|Any CPU
		{14B6D29E-11CA-4499-9213-6A1A4554D855}.Release|Any CPU.Build.0 = Release|Any CPU
		{14B6D29E-11CA-4499-9213-6A1A4554D855}.Release|x64.ActiveCfg = Release|Any CPU
		{14B6D29E-11CA-4499-9213-6A1A4554D855}.Release|x64.Build.0 = Release|Any CPU
		{14B6D29E-11CA-4499-9213-6A1A4554D855}.Release|x86.ActiveCfg = Release|Any CPU
		{14B6D29E-11CA-4499-9213-6A1A4554D855}.Release|x86.Build.0 = Release|Any CPU
		{C468EFDF-A870-475E-BFEB-A82F8DC6FC68}.Debug|Any CPU.ActiveCfg = Debug|Any CPU
		{C468EFDF-A870-475E-BFEB-A82F8DC6FC68}.Debug|Any CPU.Build.0 = Debug|Any CPU
		{C468EFDF-A870-475E-BFEB-A82F8DC6FC68}.Debug|x64.ActiveCfg = Debug|Any CPU
		{C468EFDF-A870-475E-BFEB-A82F8DC6FC68}.Debug|x64.Build.0 = Debug|Any CPU
		{C468EFDF-A870-475E-BFEB-A82F8DC6FC68}.Debug|x86.ActiveCfg = Debug|Any CPU
		{C468EFDF-A870-475E-BFEB-A82F8DC6FC68}.Debug|x86.Build.0 = Debug|Any CPU
		{C468EFDF-A870-475E-BFEB-A82F8DC6FC68}.Release|Any CPU.ActiveCfg = Release|Any CPU
		{C468EFDF-A870-475E-BFEB-A82F8DC6FC68}.Release|Any CPU.Build.0 = Release|Any CPU
		{C468EFDF-A870-475E-BFEB-A82F8DC6FC68}.Release|x64.ActiveCfg = Release|Any CPU
		{C468EFDF-A870-475E-BFEB-A82F8DC6FC68}.Release|x64.Build.0 = Release|Any CPU
		{C468EFDF-A870-475E-BFEB-A82F8DC6FC68}.Release|x86.ActiveCfg = Release|Any CPU
		{C468EFDF-A870-475E-BFEB-A82F8DC6FC68}.Release|x86.Build.0 = Release|Any CPU
		{7DC386E9-0AD3-4DBF-ACC6-294FFD5E4EE8}.Debug|Any CPU.ActiveCfg = Debug|Any CPU
		{7DC386E9-0AD3-4DBF-ACC6-294FFD5E4EE8}.Debug|Any CPU.Build.0 = Debug|Any CPU
		{7DC386E9-0AD3-4DBF-ACC6-294FFD5E4EE8}.Debug|x64.ActiveCfg = Debug|Any CPU
		{7DC386E9-0AD3-4DBF-ACC6-294FFD5E4EE8}.Debug|x64.Build.0 = Debug|Any CPU
		{7DC386E9-0AD3-4DBF-ACC6-294FFD5E4EE8}.Debug|x86.ActiveCfg = Debug|Any CPU
		{7DC386E9-0AD3-4DBF-ACC6-294FFD5E4EE8}.Debug|x86.Build.0 = Debug|Any CPU
		{7DC386E9-0AD3-4DBF-ACC6-294FFD5E4EE8}.Release|Any CPU.ActiveCfg = Release|Any CPU
		{7DC386E9-0AD3-4DBF-ACC6-294FFD5E4EE8}.Release|Any CPU.Build.0 = Release|Any CPU
		{7DC386E9-0AD3-4DBF-ACC6-294FFD5E4EE8}.Release|x64.ActiveCfg = Release|Any CPU
		{7DC386E9-0AD3-4DBF-ACC6-294FFD5E4EE8}.Release|x64.Build.0 = Release|Any CPU
		{7DC386E9-0AD3-4DBF-ACC6-294FFD5E4EE8}.Release|x86.ActiveCfg = Release|Any CPU
		{7DC386E9-0AD3-4DBF-ACC6-294FFD5E4EE8}.Release|x86.Build.0 = Release|Any CPU
		{CDF8434F-06EB-40BE-BA7D-C8C8F91C4954}.Debug|Any CPU.ActiveCfg = Debug|Any CPU
		{CDF8434F-06EB-40BE-BA7D-C8C8F91C4954}.Debug|Any CPU.Build.0 = Debug|Any CPU
		{CDF8434F-06EB-40BE-BA7D-C8C8F91C4954}.Debug|x64.ActiveCfg = Debug|Any CPU
		{CDF8434F-06EB-40BE-BA7D-C8C8F91C4954}.Debug|x64.Build.0 = Debug|Any CPU
		{CDF8434F-06EB-40BE-BA7D-C8C8F91C4954}.Debug|x86.ActiveCfg = Debug|Any CPU
		{CDF8434F-06EB-40BE-BA7D-C8C8F91C4954}.Debug|x86.Build.0 = Debug|Any CPU
		{CDF8434F-06EB-40BE-BA7D-C8C8F91C4954}.Release|Any CPU.ActiveCfg = Release|Any CPU
		{CDF8434F-06EB-40BE-BA7D-C8C8F91C4954}.Release|Any CPU.Build.0 = Release|Any CPU
		{CDF8434F-06EB-40BE-BA7D-C8C8F91C4954}.Release|x64.ActiveCfg = Release|Any CPU
		{CDF8434F-06EB-40BE-BA7D-C8C8F91C4954}.Release|x64.Build.0 = Release|Any CPU
		{CDF8434F-06EB-40BE-BA7D-C8C8F91C4954}.Release|x86.ActiveCfg = Release|Any CPU
		{CDF8434F-06EB-40BE-BA7D-C8C8F91C4954}.Release|x86.Build.0 = Release|Any CPU
		{FBEA202C-3C30-4EDB-9F7E-36495672AD9E}.Debug|Any CPU.ActiveCfg = Debug|Any CPU
		{FBEA202C-3C30-4EDB-9F7E-36495672AD9E}.Debug|Any CPU.Build.0 = Debug|Any CPU
		{FBEA202C-3C30-4EDB-9F7E-36495672AD9E}.Debug|x64.ActiveCfg = Debug|Any CPU
		{FBEA202C-3C30-4EDB-9F7E-36495672AD9E}.Debug|x64.Build.0 = Debug|Any CPU
		{FBEA202C-3C30-4EDB-9F7E-36495672AD9E}.Debug|x86.ActiveCfg = Debug|Any CPU
		{FBEA202C-3C30-4EDB-9F7E-36495672AD9E}.Debug|x86.Build.0 = Debug|Any CPU
		{FBEA202C-3C30-4EDB-9F7E-36495672AD9E}.Release|Any CPU.ActiveCfg = Release|Any CPU
		{FBEA202C-3C30-4EDB-9F7E-36495672AD9E}.Release|Any CPU.Build.0 = Release|Any CPU
		{FBEA202C-3C30-4EDB-9F7E-36495672AD9E}.Release|x64.ActiveCfg = Release|Any CPU
		{FBEA202C-3C30-4EDB-9F7E-36495672AD9E}.Release|x64.Build.0 = Release|Any CPU
		{FBEA202C-3C30-4EDB-9F7E-36495672AD9E}.Release|x86.ActiveCfg = Release|Any CPU
		{FBEA202C-3C30-4EDB-9F7E-36495672AD9E}.Release|x86.Build.0 = Release|Any CPU
		{67BE604F-E467-40D2-A783-4427B99EF8AE}.Debug|Any CPU.ActiveCfg = Debug|Any CPU
		{67BE604F-E467-40D2-A783-4427B99EF8AE}.Debug|Any CPU.Build.0 = Debug|Any CPU
		{67BE604F-E467-40D2-A783-4427B99EF8AE}.Debug|x64.ActiveCfg = Debug|Any CPU
		{67BE604F-E467-40D2-A783-4427B99EF8AE}.Debug|x64.Build.0 = Debug|Any CPU
		{67BE604F-E467-40D2-A783-4427B99EF8AE}.Debug|x86.ActiveCfg = Debug|Any CPU
		{67BE604F-E467-40D2-A783-4427B99EF8AE}.Debug|x86.Build.0 = Debug|Any CPU
		{67BE604F-E467-40D2-A783-4427B99EF8AE}.Release|Any CPU.ActiveCfg = Release|Any CPU
		{67BE604F-E467-40D2-A783-4427B99EF8AE}.Release|Any CPU.Build.0 = Release|Any CPU
		{67BE604F-E467-40D2-A783-4427B99EF8AE}.Release|x64.ActiveCfg = Release|Any CPU
		{67BE604F-E467-40D2-A783-4427B99EF8AE}.Release|x64.Build.0 = Release|Any CPU
		{67BE604F-E467-40D2-A783-4427B99EF8AE}.Release|x86.ActiveCfg = Release|Any CPU
		{67BE604F-E467-40D2-A783-4427B99EF8AE}.Release|x86.Build.0 = Release|Any CPU
		{B7CFDB85-AECE-45FF-B26A-B844E9E9A354}.Debug|Any CPU.ActiveCfg = Debug|Any CPU
		{B7CFDB85-AECE-45FF-B26A-B844E9E9A354}.Debug|Any CPU.Build.0 = Debug|Any CPU
		{B7CFDB85-AECE-45FF-B26A-B844E9E9A354}.Debug|x64.ActiveCfg = Debug|Any CPU
		{B7CFDB85-AECE-45FF-B26A-B844E9E9A354}.Debug|x64.Build.0 = Debug|Any CPU
		{B7CFDB85-AECE-45FF-B26A-B844E9E9A354}.Debug|x86.ActiveCfg = Debug|Any CPU
		{B7CFDB85-AECE-45FF-B26A-B844E9E9A354}.Debug|x86.Build.0 = Debug|Any CPU
		{B7CFDB85-AECE-45FF-B26A-B844E9E9A354}.Release|Any CPU.ActiveCfg = Release|Any CPU
		{B7CFDB85-AECE-45FF-B26A-B844E9E9A354}.Release|Any CPU.Build.0 = Release|Any CPU
		{B7CFDB85-AECE-45FF-B26A-B844E9E9A354}.Release|x64.ActiveCfg = Release|Any CPU
		{B7CFDB85-AECE-45FF-B26A-B844E9E9A354}.Release|x64.Build.0 = Release|Any CPU
		{B7CFDB85-AECE-45FF-B26A-B844E9E9A354}.Release|x86.ActiveCfg = Release|Any CPU
		{B7CFDB85-AECE-45FF-B26A-B844E9E9A354}.Release|x86.Build.0 = Release|Any CPU
		{E4595740-CA8E-4E03-B673-3DE3DED4BAF4}.Debug|Any CPU.ActiveCfg = Debug|Any CPU
		{E4595740-CA8E-4E03-B673-3DE3DED4BAF4}.Debug|Any CPU.Build.0 = Debug|Any CPU
		{E4595740-CA8E-4E03-B673-3DE3DED4BAF4}.Debug|x64.ActiveCfg = Debug|Any CPU
		{E4595740-CA8E-4E03-B673-3DE3DED4BAF4}.Debug|x64.Build.0 = Debug|Any CPU
		{E4595740-CA8E-4E03-B673-3DE3DED4BAF4}.Debug|x86.ActiveCfg = Debug|Any CPU
		{E4595740-CA8E-4E03-B673-3DE3DED4BAF4}.Debug|x86.Build.0 = Debug|Any CPU
		{E4595740-CA8E-4E03-B673-3DE3DED4BAF4}.Release|Any CPU.ActiveCfg = Release|Any CPU
		{E4595740-CA8E-4E03-B673-3DE3DED4BAF4}.Release|Any CPU.Build.0 = Release|Any CPU
		{E4595740-CA8E-4E03-B673-3DE3DED4BAF4}.Release|x64.ActiveCfg = Release|Any CPU
		{E4595740-CA8E-4E03-B673-3DE3DED4BAF4}.Release|x64.Build.0 = Release|Any CPU
		{E4595740-CA8E-4E03-B673-3DE3DED4BAF4}.Release|x86.ActiveCfg = Release|Any CPU
		{E4595740-CA8E-4E03-B673-3DE3DED4BAF4}.Release|x86.Build.0 = Release|Any CPU
		{DC3CFDE0-AF0D-451A-B8E5-E0FF3763D392}.Debug|Any CPU.ActiveCfg = Debug|Any CPU
		{DC3CFDE0-AF0D-451A-B8E5-E0FF3763D392}.Debug|Any CPU.Build.0 = Debug|Any CPU
		{DC3CFDE0-AF0D-451A-B8E5-E0FF3763D392}.Debug|x64.ActiveCfg = Debug|Any CPU
		{DC3CFDE0-AF0D-451A-B8E5-E0FF3763D392}.Debug|x64.Build.0 = Debug|Any CPU
		{DC3CFDE0-AF0D-451A-B8E5-E0FF3763D392}.Debug|x86.ActiveCfg = Debug|Any CPU
		{DC3CFDE0-AF0D-451A-B8E5-E0FF3763D392}.Debug|x86.Build.0 = Debug|Any CPU
		{DC3CFDE0-AF0D-451A-B8E5-E0FF3763D392}.Release|Any CPU.ActiveCfg = Release|Any CPU
		{DC3CFDE0-AF0D-451A-B8E5-E0FF3763D392}.Release|Any CPU.Build.0 = Release|Any CPU
		{DC3CFDE0-AF0D-451A-B8E5-E0FF3763D392}.Release|x64.ActiveCfg = Release|Any CPU
		{DC3CFDE0-AF0D-451A-B8E5-E0FF3763D392}.Release|x64.Build.0 = Release|Any CPU
		{DC3CFDE0-AF0D-451A-B8E5-E0FF3763D392}.Release|x86.ActiveCfg = Release|Any CPU
		{DC3CFDE0-AF0D-451A-B8E5-E0FF3763D392}.Release|x86.Build.0 = Release|Any CPU
		{0EE2717E-B149-4AA9-973B-A36CA3F39ED4}.Debug|Any CPU.ActiveCfg = Debug|Any CPU
		{0EE2717E-B149-4AA9-973B-A36CA3F39ED4}.Debug|Any CPU.Build.0 = Debug|Any CPU
		{0EE2717E-B149-4AA9-973B-A36CA3F39ED4}.Debug|x64.ActiveCfg = Debug|Any CPU
		{0EE2717E-B149-4AA9-973B-A36CA3F39ED4}.Debug|x64.Build.0 = Debug|Any CPU
		{0EE2717E-B149-4AA9-973B-A36CA3F39ED4}.Debug|x86.ActiveCfg = Debug|Any CPU
		{0EE2717E-B149-4AA9-973B-A36CA3F39ED4}.Debug|x86.Build.0 = Debug|Any CPU
		{0EE2717E-B149-4AA9-973B-A36CA3F39ED4}.Release|Any CPU.ActiveCfg = Release|Any CPU
		{0EE2717E-B149-4AA9-973B-A36CA3F39ED4}.Release|Any CPU.Build.0 = Release|Any CPU
		{0EE2717E-B149-4AA9-973B-A36CA3F39ED4}.Release|x64.ActiveCfg = Release|Any CPU
		{0EE2717E-B149-4AA9-973B-A36CA3F39ED4}.Release|x64.Build.0 = Release|Any CPU
		{0EE2717E-B149-4AA9-973B-A36CA3F39ED4}.Release|x86.ActiveCfg = Release|Any CPU
		{0EE2717E-B149-4AA9-973B-A36CA3F39ED4}.Release|x86.Build.0 = Release|Any CPU
		{3F75EE84-CD2F-4AE6-9FF4-879672A2BEF5}.Debug|Any CPU.ActiveCfg = Debug|Any CPU
		{3F75EE84-CD2F-4AE6-9FF4-879672A2BEF5}.Debug|Any CPU.Build.0 = Debug|Any CPU
		{3F75EE84-CD2F-4AE6-9FF4-879672A2BEF5}.Debug|x64.ActiveCfg = Debug|Any CPU
		{3F75EE84-CD2F-4AE6-9FF4-879672A2BEF5}.Debug|x64.Build.0 = Debug|Any CPU
		{3F75EE84-CD2F-4AE6-9FF4-879672A2BEF5}.Debug|x86.ActiveCfg = Debug|Any CPU
		{3F75EE84-CD2F-4AE6-9FF4-879672A2BEF5}.Debug|x86.Build.0 = Debug|Any CPU
		{3F75EE84-CD2F-4AE6-9FF4-879672A2BEF5}.Release|Any CPU.ActiveCfg = Release|Any CPU
		{3F75EE84-CD2F-4AE6-9FF4-879672A2BEF5}.Release|Any CPU.Build.0 = Release|Any CPU
		{3F75EE84-CD2F-4AE6-9FF4-879672A2BEF5}.Release|x64.ActiveCfg = Release|Any CPU
		{3F75EE84-CD2F-4AE6-9FF4-879672A2BEF5}.Release|x64.Build.0 = Release|Any CPU
		{3F75EE84-CD2F-4AE6-9FF4-879672A2BEF5}.Release|x86.ActiveCfg = Release|Any CPU
		{3F75EE84-CD2F-4AE6-9FF4-879672A2BEF5}.Release|x86.Build.0 = Release|Any CPU
		{EE0E6B09-813A-483C-83EB-CD4C06A9F659}.Debug|Any CPU.ActiveCfg = Debug|Any CPU
		{EE0E6B09-813A-483C-83EB-CD4C06A9F659}.Debug|Any CPU.Build.0 = Debug|Any CPU
		{EE0E6B09-813A-483C-83EB-CD4C06A9F659}.Debug|x64.ActiveCfg = Debug|Any CPU
		{EE0E6B09-813A-483C-83EB-CD4C06A9F659}.Debug|x64.Build.0 = Debug|Any CPU
		{EE0E6B09-813A-483C-83EB-CD4C06A9F659}.Debug|x86.ActiveCfg = Debug|Any CPU
		{EE0E6B09-813A-483C-83EB-CD4C06A9F659}.Debug|x86.Build.0 = Debug|Any CPU
		{EE0E6B09-813A-483C-83EB-CD4C06A9F659}.Release|Any CPU.ActiveCfg = Release|Any CPU
		{EE0E6B09-813A-483C-83EB-CD4C06A9F659}.Release|Any CPU.Build.0 = Release|Any CPU
		{EE0E6B09-813A-483C-83EB-CD4C06A9F659}.Release|x64.ActiveCfg = Release|Any CPU
		{EE0E6B09-813A-483C-83EB-CD4C06A9F659}.Release|x64.Build.0 = Release|Any CPU
		{EE0E6B09-813A-483C-83EB-CD4C06A9F659}.Release|x86.ActiveCfg = Release|Any CPU
		{EE0E6B09-813A-483C-83EB-CD4C06A9F659}.Release|x86.Build.0 = Release|Any CPU
		{8EF7192C-213F-4235-AA4F-BDDD4B0B7A56}.Debug|Any CPU.ActiveCfg = Debug|Any CPU
		{8EF7192C-213F-4235-AA4F-BDDD4B0B7A56}.Debug|Any CPU.Build.0 = Debug|Any CPU
		{8EF7192C-213F-4235-AA4F-BDDD4B0B7A56}.Debug|x64.ActiveCfg = Debug|Any CPU
		{8EF7192C-213F-4235-AA4F-BDDD4B0B7A56}.Debug|x64.Build.0 = Debug|Any CPU
		{8EF7192C-213F-4235-AA4F-BDDD4B0B7A56}.Debug|x86.ActiveCfg = Debug|Any CPU
		{8EF7192C-213F-4235-AA4F-BDDD4B0B7A56}.Debug|x86.Build.0 = Debug|Any CPU
		{8EF7192C-213F-4235-AA4F-BDDD4B0B7A56}.Release|Any CPU.ActiveCfg = Release|Any CPU
		{8EF7192C-213F-4235-AA4F-BDDD4B0B7A56}.Release|Any CPU.Build.0 = Release|Any CPU
		{8EF7192C-213F-4235-AA4F-BDDD4B0B7A56}.Release|x64.ActiveCfg = Release|Any CPU
		{8EF7192C-213F-4235-AA4F-BDDD4B0B7A56}.Release|x64.Build.0 = Release|Any CPU
		{8EF7192C-213F-4235-AA4F-BDDD4B0B7A56}.Release|x86.ActiveCfg = Release|Any CPU
		{8EF7192C-213F-4235-AA4F-BDDD4B0B7A56}.Release|x86.Build.0 = Release|Any CPU
	EndGlobalSection
	GlobalSection(SolutionProperties) = preSolution
		HideSolutionNode = FALSE
	EndGlobalSection
	GlobalSection(NestedProjects) = preSolution
		{DCB0C627-988F-4F1F-BB57-8CE5DE4C71DA} = {6A91B350-38DC-49F6-A030-797FD98BDF74}
		{67BE604F-E467-40D2-A783-4427B99EF8AE} = {DCB0C627-988F-4F1F-BB57-8CE5DE4C71DA}
		{B7CFDB85-AECE-45FF-B26A-B844E9E9A354} = {DCB0C627-988F-4F1F-BB57-8CE5DE4C71DA}
		{E4595740-CA8E-4E03-B673-3DE3DED4BAF4} = {DCB0C627-988F-4F1F-BB57-8CE5DE4C71DA}
		{DC3CFDE0-AF0D-451A-B8E5-E0FF3763D392} = {DCB0C627-988F-4F1F-BB57-8CE5DE4C71DA}
		{4F293D22-41E2-40DF-B0D3-01C752502046} = {6A91B350-38DC-49F6-A030-797FD98BDF74}
		{0EE2717E-B149-4AA9-973B-A36CA3F39ED4} = {4F293D22-41E2-40DF-B0D3-01C752502046}
		{3F75EE84-CD2F-4AE6-9FF4-879672A2BEF5} = {4F293D22-41E2-40DF-B0D3-01C752502046}
		{EE0E6B09-813A-483C-83EB-CD4C06A9F659} = {4F293D22-41E2-40DF-B0D3-01C752502046}
		{8EF7192C-213F-4235-AA4F-BDDD4B0B7A56} = {4F293D22-41E2-40DF-B0D3-01C752502046}
	EndGlobalSection
	GlobalSection(ExtensibilityGlobals) = postSolution
		SolutionGuid = {072DB019-D6AB-4D9D-BAC5-629FF31A62C5}
	EndGlobalSection
EndGlobal
